
Microsoft Visual Studio Solution File, Format Version 12.00
# Visual Studio Version 17
VisualStudioVersion = 17.14.36811.4
MinimumVisualStudioVersion = 10.0.40219.1
Project("{FAE04EC0-301F-11D3-BF4B-00C04F79EFBC}") = "UserService", "UserService\UserService.csproj", "{6FDCAFD1-9F93-4DFC-AEFB-957B7E2F72CC}"
EndProject
Project("{FAE04EC0-301F-11D3-BF4B-00C04F79EFBC}") = "Shared.Protos", "Shared.Protos\Shared.Protos.csproj", "{388FE01C-EBCF-494B-AF7A-13F298045B7F}"
EndProject
Project("{FAE04EC0-301F-11D3-BF4B-00C04F79EFBC}") = "ApiGatewayService", "ApiGatewayService\ApiGatewayService.csproj", "{B6F3E1CD-9055-4589-9C44-D37D4C8B2ECA}"
EndProject
Global
	GlobalSection(SolutionConfigurationPlatforms) = preSolution
		Debug|Any CPU = Debug|Any CPU
		Release|Any CPU = Release|Any CPU
	EndGlobalSection
	GlobalSection(ProjectConfigurationPlatforms) = postSolution
		{6FDCAFD1-9F93-4DFC-AEFB-957B7E2F72CC}.Debug|Any CPU.ActiveCfg = Debug|Any CPU
		{6FDCAFD1-9F93-4DFC-AEFB-957B7E2F72CC}.Debug|Any CPU.Build.0 = Debug|Any CPU
		{6FDCAFD1-9F93-4DFC-AEFB-957B7E2F72CC}.Release|Any CPU.ActiveCfg = Release|Any CPU
		{6FDCAFD1-9F93-4DFC-AEFB-957B7E2F72CC}.Release|Any CPU.Build.0 = Release|Any CPU
		{388FE01C-EBCF-494B-AF7A-13F298045B7F}.Debug|Any CPU.ActiveCfg = Debug|Any CPU
		{388FE01C-EBCF-494B-AF7A-13F298045B7F}.Debug|Any CPU.Build.0 = Debug|Any CPU
		{388FE01C-EBCF-494B-AF7A-13F298045B7F}.Release|Any CPU.ActiveCfg = Release|Any CPU
		{388FE01C-EBCF-494B-AF7A-13F298045B7F}.Release|Any CPU.Build.0 = Release|Any CPU
		{B6F3E1CD-9055-4589-9C44-D37D4C8B2ECA}.Debug|Any CPU.ActiveCfg = Debug|Any CPU
		{B6F3E1CD-9055-4589-9C44-D37D4C8B2ECA}.Debug|Any CPU.Build.0 = Debug|Any CPU
		{B6F3E1CD-9055-4589-9C44-D37D4C8B2ECA}.Release|Any CPU.ActiveCfg = Release|Any CPU
		{B6F3E1CD-9055-4589-9C44-D37D4C8B2ECA}.Release|Any CPU.Build.0 = Release|Any CPU
	EndGlobalSection
	GlobalSection(SolutionProperties) = preSolution
		HideSolutionNode = FALSE
	EndGlobalSection
	GlobalSection(ExtensibilityGlobals) = postSolution
		SolutionGuid = {98BE626D-FAAD-48E7-A886-122182E3F98E}
	EndGlobalSection
EndGlobal
